// !$*UTF8*$!
{
	archiveVersion = 1;
	classes = {
	};
	objectVersion = 55;
	objects = {

/* Begin PBXBuildFile section */
		754B9AA02742B8AF003A669F /* AppDelegate.swift in Sources */ = {isa = PBXBuildFile; fileRef = 754B9A9F2742B8AF003A669F /* AppDelegate.swift */; };
		754B9AA22742B8AF003A669F /* SceneDelegate.swift in Sources */ = {isa = PBXBuildFile; fileRef = 754B9AA12742B8AF003A669F /* SceneDelegate.swift */; };
		754B9AA42742B8AF003A669F /* ViewController.swift in Sources */ = {isa = PBXBuildFile; fileRef = 754B9AA32742B8AF003A669F /* ViewController.swift */; };
		754B9AA72742B8AF003A669F /* Main.storyboard in Resources */ = {isa = PBXBuildFile; fileRef = 754B9AA52742B8AF003A669F /* Main.storyboard */; };
		754B9AA92742B8B1003A669F /* Assets.xcassets in Resources */ = {isa = PBXBuildFile; fileRef = 754B9AA82742B8B1003A669F /* Assets.xcassets */; };
		754B9AAC2742B8B1003A669F /* LaunchScreen.storyboard in Resources */ = {isa = PBXBuildFile; fileRef = 754B9AAA2742B8B1003A669F /* LaunchScreen.storyboard */; };
		754B9AB72742B8B1003A669F /* NBAFantazyCompagnonTests.swift in Sources */ = {isa = PBXBuildFile; fileRef = 754B9AB62742B8B1003A669F /* NBAFantazyCompagnonTests.swift */; };
		754B9AC12742B8B1003A669F /* NBAFantazyCompagnonUITests.swift in Sources */ = {isa = PBXBuildFile; fileRef = 754B9AC02742B8B1003A669F /* NBAFantazyCompagnonUITests.swift */; };
		754B9AC32742B8B1003A669F /* NBAFantazyCompagnonUITestsLaunchTests.swift in Sources */ = {isa = PBXBuildFile; fileRef = 754B9AC22742B8B1003A669F /* NBAFantazyCompagnonUITestsLaunchTests.swift */; };
		754B9AD42742B9D9003A669F /* Team.swift in Sources */ = {isa = PBXBuildFile; fileRef = 754B9AD32742B9D9003A669F /* Team.swift */; };
		754B9AD62742FB25003A669F /* Teams.swift in Sources */ = {isa = PBXBuildFile; fileRef = 754B9AD52742FB24003A669F /* Teams.swift */; };
		754BCEFF274313BB007CAAFA /* Player.swift in Sources */ = {isa = PBXBuildFile; fileRef = 754BCEFE274313BB007CAAFA /* Player.swift */; };
		759B226B27430247003BE5F2 /* Meta.swift in Sources */ = {isa = PBXBuildFile; fileRef = 759B226A27430247003BE5F2 /* Meta.swift */; };
		759B226D27430F84003BE5F2 /* Players.swift in Sources */ = {isa = PBXBuildFile; fileRef = 759B226C27430F84003BE5F2 /* Players.swift */; };
/* End PBXBuildFile section */

/* Begin PBXContainerItemProxy section */
		754B9AB32742B8B1003A669F /* PBXContainerItemProxy */ = {
			isa = PBXContainerItemProxy;
			containerPortal = 754B9A942742B8AF003A669F /* Project object */;
			proxyType = 1;
			remoteGlobalIDString = 754B9A9B2742B8AF003A669F;
			remoteInfo = NBAFantazyCompagnon;
		};
		754B9ABD2742B8B1003A669F /* PBXContainerItemProxy */ = {
			isa = PBXContainerItemProxy;
			containerPortal = 754B9A942742B8AF003A669F /* Project object */;
			proxyType = 1;
			remoteGlobalIDString = 754B9A9B2742B8AF003A669F;
			remoteInfo = NBAFantazyCompagnon;
		};
/* End PBXContainerItemProxy section */

/* Begin PBXFileReference section */
		754B9A9C2742B8AF003A669F /* NBAFantazyCompagnon.app */ = {isa = PBXFileReference; explicitFileType = wrapper.application; includeInIndex = 0; path = NBAFantazyCompagnon.app; sourceTree = BUILT_PRODUCTS_DIR; };
		754B9A9F2742B8AF003A669F /* AppDelegate.swift */ = {isa = PBXFileReference; lastKnownFileType = sourcecode.swift; path = AppDelegate.swift; sourceTree = "<group>"; };
		754B9AA12742B8AF003A669F /* SceneDelegate.swift */ = {isa = PBXFileReference; lastKnownFileType = sourcecode.swift; path = SceneDelegate.swift; sourceTree = "<group>"; };
		754B9AA32742B8AF003A669F /* ViewController.swift */ = {isa = PBXFileReference; lastKnownFileType = sourcecode.swift; path = ViewController.swift; sourceTree = "<group>"; };
		754B9AA62742B8AF003A669F /* Base */ = {isa = PBXFileReference; lastKnownFileType = file.storyboard; name = Base; path = Base.lproj/Main.storyboard; sourceTree = "<group>"; };
		754B9AA82742B8B1003A669F /* Assets.xcassets */ = {isa = PBXFileReference; lastKnownFileType = folder.assetcatalog; path = Assets.xcassets; sourceTree = "<group>"; };
		754B9AAB2742B8B1003A669F /* Base */ = {isa = PBXFileReference; lastKnownFileType = file.storyboard; name = Base; path = Base.lproj/LaunchScreen.storyboard; sourceTree = "<group>"; };
		754B9AAD2742B8B1003A669F /* Info.plist */ = {isa = PBXFileReference; lastKnownFileType = text.plist.xml; path = Info.plist; sourceTree = "<group>"; };
		754B9AB22742B8B1003A669F /* NBAFantazyCompagnonTests.xctest */ = {isa = PBXFileReference; explicitFileType = wrapper.cfbundle; includeInIndex = 0; path = NBAFantazyCompagnonTests.xctest; sourceTree = BUILT_PRODUCTS_DIR; };
		754B9AB62742B8B1003A669F /* NBAFantazyCompagnonTests.swift */ = {isa = PBXFileReference; lastKnownFileType = sourcecode.swift; path = NBAFantazyCompagnonTests.swift; sourceTree = "<group>"; };
		754B9ABC2742B8B1003A669F /* NBAFantazyCompagnonUITests.xctest */ = {isa = PBXFileReference; explicitFileType = wrapper.cfbundle; includeInIndex = 0; path = NBAFantazyCompagnonUITests.xctest; sourceTree = BUILT_PRODUCTS_DIR; };
		754B9AC02742B8B1003A669F /* NBAFantazyCompagnonUITests.swift */ = {isa = PBXFileReference; lastKnownFileType = sourcecode.swift; path = NBAFantazyCompagnonUITests.swift; sourceTree = "<group>"; };
		754B9AC22742B8B1003A669F /* NBAFantazyCompagnonUITestsLaunchTests.swift */ = {isa = PBXFileReference; lastKnownFileType = sourcecode.swift; path = NBAFantazyCompagnonUITestsLaunchTests.swift; sourceTree = "<group>"; };
		754B9AD32742B9D9003A669F /* Team.swift */ = {isa = PBXFileReference; lastKnownFileType = sourcecode.swift; path = Team.swift; sourceTree = "<group>"; };
		754B9AD52742FB24003A669F /* Teams.swift */ = {isa = PBXFileReference; lastKnownFileType = sourcecode.swift; path = Teams.swift; sourceTree = "<group>"; };
		754BCEFE274313BB007CAAFA /* Player.swift */ = {isa = PBXFileReference; lastKnownFileType = sourcecode.swift; path = Player.swift; sourceTree = "<group>"; };
		759B226A27430247003BE5F2 /* Meta.swift */ = {isa = PBXFileReference; lastKnownFileType = sourcecode.swift; path = Meta.swift; sourceTree = "<group>"; };
		759B226C27430F84003BE5F2 /* Players.swift */ = {isa = PBXFileReference; lastKnownFileType = sourcecode.swift; path = Players.swift; sourceTree = "<group>"; };
/* End PBXFileReference section */

/* Begin PBXFrameworksBuildPhase section */
		754B9A992742B8AF003A669F /* Frameworks */ = {
			isa = PBXFrameworksBuildPhase;
			buildActionMask = 2147483647;
			files = (
			);
			runOnlyForDeploymentPostprocessing = 0;
		};
		754B9AAF2742B8B1003A669F /* Frameworks */ = {
			isa = PBXFrameworksBuildPhase;
			buildActionMask = 2147483647;
			files = (
			);
			runOnlyForDeploymentPostprocessing = 0;
		};
		754B9AB92742B8B1003A669F /* Frameworks */ = {
			isa = PBXFrameworksBuildPhase;
			buildActionMask = 2147483647;
			files = (
			);
			runOnlyForDeploymentPostprocessing = 0;
		};
/* End PBXFrameworksBuildPhase section */

/* Begin PBXGroup section */
		754B9A932742B8AF003A669F = {
			isa = PBXGroup;
			children = (
				754B9A9E2742B8AF003A669F /* NBAFantazyCompagnon */,
				754B9AB52742B8B1003A669F /* NBAFantazyCompagnonTests */,
				754B9ABF2742B8B1003A669F /* NBAFantazyCompagnonUITests */,
				754B9A9D2742B8AF003A669F /* Products */,
			);
			sourceTree = "<group>";
		};
		754B9A9D2742B8AF003A669F /* Products */ = {
			isa = PBXGroup;
			children = (
				754B9A9C2742B8AF003A669F /* NBAFantazyCompagnon.app */,
				754B9AB22742B8B1003A669F /* NBAFantazyCompagnonTests.xctest */,
				754B9ABC2742B8B1003A669F /* NBAFantazyCompagnonUITests.xctest */,
			);
			name = Products;
			sourceTree = "<group>";
		};
		754B9A9E2742B8AF003A669F /* NBAFantazyCompagnon */ = {
			isa = PBXGroup;
			children = (
				754B9A9F2742B8AF003A669F /* AppDelegate.swift */,
				754B9AA12742B8AF003A669F /* SceneDelegate.swift */,
				754B9ACF2742B8C5003A669F /* Model */,
				754B9AD12742B8EB003A669F /* View */,
				754B9AD22742B8F6003A669F /* Controller */,
				754B9AA82742B8B1003A669F /* Assets.xcassets */,
				754B9AAA2742B8B1003A669F /* LaunchScreen.storyboard */,
				754B9AAD2742B8B1003A669F /* Info.plist */,
			);
			path = NBAFantazyCompagnon;
			sourceTree = "<group>";
		};
		754B9AB52742B8B1003A669F /* NBAFantazyCompagnonTests */ = {
			isa = PBXGroup;
			children = (
				754B9AB62742B8B1003A669F /* NBAFantazyCompagnonTests.swift */,
			);
			path = NBAFantazyCompagnonTests;
			sourceTree = "<group>";
		};
		754B9ABF2742B8B1003A669F /* NBAFantazyCompagnonUITests */ = {
			isa = PBXGroup;
			children = (
				754B9AC02742B8B1003A669F /* NBAFantazyCompagnonUITests.swift */,
				754B9AC22742B8B1003A669F /* NBAFantazyCompagnonUITestsLaunchTests.swift */,
			);
			path = NBAFantazyCompagnonUITests;
			sourceTree = "<group>";
		};
		754B9ACF2742B8C5003A669F /* Model */ = {
			isa = PBXGroup;
			children = (
				754B9AD32742B9D9003A669F /* Team.swift */,
				759B226C27430F84003BE5F2 /* Players.swift */,
				754BCEFE274313BB007CAAFA /* Player.swift */,
				754B9AD52742FB24003A669F /* Teams.swift */,
				759B226A27430247003BE5F2 /* Meta.swift */,
			);
			path = Model;
			sourceTree = "<group>";
		};
		754B9AD12742B8EB003A669F /* View */ = {
			isa = PBXGroup;
			children = (
				754B9AA52742B8AF003A669F /* Main.storyboard */,
			);
			path = View;
			sourceTree = "<group>";
		};
		754B9AD22742B8F6003A669F /* Controller */ = {
			isa = PBXGroup;
			children = (
				754B9AA32742B8AF003A669F /* ViewController.swift */,
			);
			path = Controller;
			sourceTree = "<group>";
		};
/* End PBXGroup section */

/* Begin PBXNativeTarget section */
		754B9A9B2742B8AF003A669F /* NBAFantazyCompagnon */ = {
			isa = PBXNativeTarget;
			buildConfigurationList = 754B9AC62742B8B1003A669F /* Build configuration list for PBXNativeTarget "NBAFantazyCompagnon" */;
			buildPhases = (
				754B9A982742B8AF003A669F /* Sources */,
				754B9A992742B8AF003A669F /* Frameworks */,
				754B9A9A2742B8AF003A669F /* Resources */,
			);
			buildRules = (
			);
			dependencies = (
			);
			name = NBAFantazyCompagnon;
			productName = NBAFantazyCompagnon;
			productReference = 754B9A9C2742B8AF003A669F /* NBAFantazyCompagnon.app */;
			productType = "com.apple.product-type.application";
		};
		754B9AB12742B8B1003A669F /* NBAFantazyCompagnonTests */ = {
			isa = PBXNativeTarget;
			buildConfigurationList = 754B9AC92742B8B1003A669F /* Build configuration list for PBXNativeTarget "NBAFantazyCompagnonTests" */;
			buildPhases = (
				754B9AAE2742B8B1003A669F /* Sources */,
				754B9AAF2742B8B1003A669F /* Frameworks */,
				754B9AB02742B8B1003A669F /* Resources */,
			);
			buildRules = (
			);
			dependencies = (
				754B9AB42742B8B1003A669F /* PBXTargetDependency */,
			);
			name = NBAFantazyCompagnonTests;
			productName = NBAFantazyCompagnonTests;
			productReference = 754B9AB22742B8B1003A669F /* NBAFantazyCompagnonTests.xctest */;
			productType = "com.apple.product-type.bundle.unit-test";
		};
		754B9ABB2742B8B1003A669F /* NBAFantazyCompagnonUITests */ = {
			isa = PBXNativeTarget;
			buildConfigurationList = 754B9ACC2742B8B1003A669F /* Build configuration list for PBXNativeTarget "NBAFantazyCompagnonUITests" */;
			buildPhases = (
				754B9AB82742B8B1003A669F /* Sources */,
				754B9AB92742B8B1003A669F /* Frameworks */,
				754B9ABA2742B8B1003A669F /* Resources */,
			);
			buildRules = (
			);
			dependencies = (
				754B9ABE2742B8B1003A669F /* PBXTargetDependency */,
			);
			name = NBAFantazyCompagnonUITests;
			productName = NBAFantazyCompagnonUITests;
			productReference = 754B9ABC2742B8B1003A669F /* NBAFantazyCompagnonUITests.xctest */;
			productType = "com.apple.product-type.bundle.ui-testing";
		};
/* End PBXNativeTarget section */

/* Begin PBXProject section */
		754B9A942742B8AF003A669F /* Project object */ = {
			isa = PBXProject;
			attributes = {
				BuildIndependentTargetsInParallel = 1;
				LastSwiftUpdateCheck = 1300;
				LastUpgradeCheck = 1300;
				TargetAttributes = {
					754B9A9B2742B8AF003A669F = {
						CreatedOnToolsVersion = 13.0;
					};
					754B9AB12742B8B1003A669F = {
						CreatedOnToolsVersion = 13.0;
						TestTargetID = 754B9A9B2742B8AF003A669F;
					};
					754B9ABB2742B8B1003A669F = {
						CreatedOnToolsVersion = 13.0;
						TestTargetID = 754B9A9B2742B8AF003A669F;
					};
				};
			};
			buildConfigurationList = 754B9A972742B8AF003A669F /* Build configuration list for PBXProject "NBAFantazyCompagnon" */;
			compatibilityVersion = "Xcode 13.0";
			developmentRegion = en;
			hasScannedForEncodings = 0;
			knownRegions = (
				en,
				Base,
			);
			mainGroup = 754B9A932742B8AF003A669F;
			productRefGroup = 754B9A9D2742B8AF003A669F /* Products */;
			projectDirPath = "";
			projectRoot = "";
			targets = (
				754B9A9B2742B8AF003A669F /* NBAFantazyCompagnon */,
				754B9AB12742B8B1003A669F /* NBAFantazyCompagnonTests */,
				754B9ABB2742B8B1003A669F /* NBAFantazyCompagnonUITests */,
			);
		};
/* End PBXProject section */

/* Begin PBXResourcesBuildPhase section */
		754B9A9A2742B8AF003A669F /* Resources */ = {
			isa = PBXResourcesBuildPhase;
			buildActionMask = 2147483647;
			files = (
				754B9AAC2742B8B1003A669F /* LaunchScreen.storyboard in Resources */,
				754B9AA92742B8B1003A669F /* Assets.xcassets in Resources */,
				754B9AA72742B8AF003A669F /* Main.storyboard in Resources */,
			);
			runOnlyForDeploymentPostprocessing = 0;
		};
		754B9AB02742B8B1003A669F /* Resources */ = {
			isa = PBXResourcesBuildPhase;
			buildActionMask = 2147483647;
			files = (
			);
			runOnlyForDeploymentPostprocessing = 0;
		};
		754B9ABA2742B8B1003A669F /* Resources */ = {
			isa = PBXResourcesBuildPhase;
			buildActionMask = 2147483647;
			files = (
			);
			runOnlyForDeploymentPostprocessing = 0;
		};
/* End PBXResourcesBuildPhase section */

/* Begin PBXSourcesBuildPhase section */
		754B9A982742B8AF003A669F /* Sources */ = {
			isa = PBXSourcesBuildPhase;
			buildActionMask = 2147483647;
			files = (
				754B9AD42742B9D9003A669F /* Team.swift in Sources */,
				754B9AD62742FB25003A669F /* Teams.swift in Sources */,
				759B226B27430247003BE5F2 /* Meta.swift in Sources */,
				754B9AA42742B8AF003A669F /* ViewController.swift in Sources */,
				754BCEFF274313BB007CAAFA /* Player.swift in Sources */,
				759B226D27430F84003BE5F2 /* Players.swift in Sources */,
				754B9AA02742B8AF003A669F /* AppDelegate.swift in Sources */,
				754B9AA22742B8AF003A669F /* SceneDelegate.swift in Sources */,
			);
			runOnlyForDeploymentPostprocessing = 0;
		};
		754B9AAE2742B8B1003A669F /* Sources */ = {
			isa = PBXSourcesBuildPhase;
			buildActionMask = 2147483647;
			files = (
				754B9AB72742B8B1003A669F /* NBAFantazyCompagnonTests.swift in Sources */,
			);
			runOnlyForDeploymentPostprocessing = 0;
		};
		754B9AB82742B8B1003A669F /* Sources */ = {
			isa = PBXSourcesBuildPhase;
			buildActionMask = 2147483647;
			files = (
				754B9AC12742B8B1003A669F /* NBAFantazyCompagnonUITests.swift in Sources */,
				754B9AC32742B8B1003A669F /* NBAFantazyCompagnonUITestsLaunchTests.swift in Sources */,
			);
			runOnlyForDeploymentPostprocessing = 0;
		};
/* End PBXSourcesBuildPhase section */

/* Begin PBXTargetDependency section */
		754B9AB42742B8B1003A669F /* PBXTargetDependency */ = {
			isa = PBXTargetDependency;
			target = 754B9A9B2742B8AF003A669F /* NBAFantazyCompagnon */;
			targetProxy = 754B9AB32742B8B1003A669F /* PBXContainerItemProxy */;
		};
		754B9ABE2742B8B1003A669F /* PBXTargetDependency */ = {
			isa = PBXTargetDependency;
			target = 754B9A9B2742B8AF003A669F /* NBAFantazyCompagnon */;
			targetProxy = 754B9ABD2742B8B1003A669F /* PBXContainerItemProxy */;
		};
/* End PBXTargetDependency section */

/* Begin PBXVariantGroup section */
		754B9AA52742B8AF003A669F /* Main.storyboard */ = {
			isa = PBXVariantGroup;
			children = (
				754B9AA62742B8AF003A669F /* Base */,
			);
			name = Main.storyboard;
			sourceTree = "<group>";
		};
		754B9AAA2742B8B1003A669F /* LaunchScreen.storyboard */ = {
			isa = PBXVariantGroup;
			children = (
				754B9AAB2742B8B1003A669F /* Base */,
			);
			name = LaunchScreen.storyboard;
			sourceTree = "<group>";
		};
/* End PBXVariantGroup section */

/* Begin XCBuildConfiguration section */
		754B9AC42742B8B1003A669F /* Debug */ = {
			isa = XCBuildConfiguration;
			buildSettings = {
				ALWAYS_SEARCH_USER_PATHS = NO;
				CLANG_ANALYZER_NONNULL = YES;
				CLANG_ANALYZER_NUMBER_OBJECT_CONVERSION = YES_AGGRESSIVE;
				CLANG_CXX_LANGUAGE_STANDARD = "gnu++17";
				CLANG_CXX_LIBRARY = "libc++";
				CLANG_ENABLE_MODULES = YES;
				CLANG_ENABLE_OBJC_ARC = YES;
				CLANG_ENABLE_OBJC_WEAK = YES;
				CLANG_WARN_BLOCK_CAPTURE_AUTORELEASING = YES;
				CLANG_WARN_BOOL_CONVERSION = YES;
				CLANG_WARN_COMMA = YES;
				CLANG_WARN_CONSTANT_CONVERSION = YES;
				CLANG_WARN_DEPRECATED_OBJC_IMPLEMENTATIONS = YES;
				CLANG_WARN_DIRECT_OBJC_ISA_USAGE = YES_ERROR;
				CLANG_WARN_DOCUMENTATION_COMMENTS = YES;
				CLANG_WARN_EMPTY_BODY = YES;
				CLANG_WARN_ENUM_CONVERSION = YES;
				CLANG_WARN_INFINITE_RECURSION = YES;
				CLANG_WARN_INT_CONVERSION = YES;
				CLANG_WARN_NON_LITERAL_NULL_CONVERSION = YES;
				CLANG_WARN_OBJC_IMPLICIT_RETAIN_SELF = YES;
				CLANG_WARN_OBJC_LITERAL_CONVERSION = YES;
				CLANG_WARN_OBJC_ROOT_CLASS = YES_ERROR;
				CLANG_WARN_QUOTED_INCLUDE_IN_FRAMEWORK_HEADER = YES;
				CLANG_WARN_RANGE_LOOP_ANALYSIS = YES;
				CLANG_WARN_STRICT_PROTOTYPES = YES;
				CLANG_WARN_SUSPICIOUS_MOVE = YES;
				CLANG_WARN_UNGUARDED_AVAILABILITY = YES_AGGRESSIVE;
				CLANG_WARN_UNREACHABLE_CODE = YES;
				CLANG_WARN__DUPLICATE_METHOD_MATCH = YES;
				COPY_PHASE_STRIP = NO;
				DEBUG_INFORMATION_FORMAT = dwarf;
				ENABLE_STRICT_OBJC_MSGSEND = YES;
				ENABLE_TESTABILITY = YES;
				GCC_C_LANGUAGE_STANDARD = gnu11;
				GCC_DYNAMIC_NO_PIC = NO;
				GCC_NO_COMMON_BLOCKS = YES;
				GCC_OPTIMIZATION_LEVEL = 0;
				GCC_PREPROCESSOR_DEFINITIONS = (
					"DEBUG=1",
					"$(inherited)",
				);
				GCC_WARN_64_TO_32_BIT_CONVERSION = YES;
				GCC_WARN_ABOUT_RETURN_TYPE = YES_ERROR;
				GCC_WARN_UNDECLARED_SELECTOR = YES;
				GCC_WARN_UNINITIALIZED_AUTOS = YES_AGGRESSIVE;
				GCC_WARN_UNUSED_FUNCTION = YES;
				GCC_WARN_UNUSED_VARIABLE = YES;
				IPHONEOS_DEPLOYMENT_TARGET = 15.0;
				MTL_ENABLE_DEBUG_INFO = INCLUDE_SOURCE;
				MTL_FAST_MATH = YES;
				ONLY_ACTIVE_ARCH = YES;
				SDKROOT = iphoneos;
				SWIFT_ACTIVE_COMPILATION_CONDITIONS = DEBUG;
				SWIFT_OPTIMIZATION_LEVEL = "-Onone";
			};
			name = Debug;
		};
		754B9AC52742B8B1003A669F /* Release */ = {
			isa = XCBuildConfiguration;
			buildSettings = {
				ALWAYS_SEARCH_USER_PATHS = NO;
				CLANG_ANALYZER_NONNULL = YES;
				CLANG_ANALYZER_NUMBER_OBJECT_CONVERSION = YES_AGGRESSIVE;
				CLANG_CXX_LANGUAGE_STANDARD = "gnu++17";
				CLANG_CXX_LIBRARY = "libc++";
				CLANG_ENABLE_MODULES = YES;
				CLANG_ENABLE_OBJC_ARC = YES;
				CLANG_ENABLE_OBJC_WEAK = YES;
				CLANG_WARN_BLOCK_CAPTURE_AUTORELEASING = YES;
				CLANG_WARN_BOOL_CONVERSION = YES;
				CLANG_WARN_COMMA = YES;
				CLANG_WARN_CONSTANT_CONVERSION = YES;
				CLANG_WARN_DEPRECATED_OBJC_IMPLEMENTATIONS = YES;
				CLANG_WARN_DIRECT_OBJC_ISA_USAGE = YES_ERROR;
				CLANG_WARN_DOCUMENTATION_COMMENTS = YES;
				CLANG_WARN_EMPTY_BODY = YES;
				CLANG_WARN_ENUM_CONVERSION = YES;
				CLANG_WARN_INFINITE_RECURSION = YES;
				CLANG_WARN_INT_CONVERSION = YES;
				CLANG_WARN_NON_LITERAL_NULL_CONVERSION = YES;
				CLANG_WARN_OBJC_IMPLICIT_RETAIN_SELF = YES;
				CLANG_WARN_OBJC_LITERAL_CONVERSION = YES;
				CLANG_WARN_OBJC_ROOT_CLASS = YES_ERROR;
				CLANG_WARN_QUOTED_INCLUDE_IN_FRAMEWORK_HEADER = YES;
				CLANG_WARN_RANGE_LOOP_ANALYSIS = YES;
				CLANG_WARN_STRICT_PROTOTYPES = YES;
				CLANG_WARN_SUSPICIOUS_MOVE = YES;
				CLANG_WARN_UNGUARDED_AVAILABILITY = YES_AGGRESSIVE;
				CLANG_WARN_UNREACHABLE_CODE = YES;
				CLANG_WARN__DUPLICATE_METHOD_MATCH = YES;
				COPY_PHASE_STRIP = NO;
				DEBUG_INFORMATION_FORMAT = "dwarf-with-dsym";
				ENABLE_NS_ASSERTIONS = NO;
				ENABLE_STRICT_OBJC_MSGSEND = YES;
				GCC_C_LANGUAGE_STANDARD = gnu11;
				GCC_NO_COMMON_BLOCKS = YES;
				GCC_WARN_64_TO_32_BIT_CONVERSION = YES;
				GCC_WARN_ABOUT_RETURN_TYPE = YES_ERROR;
				GCC_WARN_UNDECLARED_SELECTOR = YES;
				GCC_WARN_UNINITIALIZED_AUTOS = YES_AGGRESSIVE;
				GCC_WARN_UNUSED_FUNCTION = YES;
				GCC_WARN_UNUSED_VARIABLE = YES;
				IPHONEOS_DEPLOYMENT_TARGET = 15.0;
				MTL_ENABLE_DEBUG_INFO = NO;
				MTL_FAST_MATH = YES;
				SDKROOT = iphoneos;
				SWIFT_COMPILATION_MODE = wholemodule;
				SWIFT_OPTIMIZATION_LEVEL = "-O";
				VALIDATE_PRODUCT = YES;
			};
			name = Release;
		};
		754B9AC72742B8B1003A669F /* Debug */ = {
			isa = XCBuildConfiguration;
			buildSettings = {
				ASSETCATALOG_COMPILER_APPICON_NAME = AppIcon;
				ASSETCATALOG_COMPILER_GLOBAL_ACCENT_COLOR_NAME = AccentColor;
				CODE_SIGN_STYLE = Automatic;
				CURRENT_PROJECT_VERSION = 1;
				DEVELOPMENT_TEAM = JMX9BV4ZM4;
				GENERATE_INFOPLIST_FILE = YES;
				INFOPLIST_FILE = NBAFantazyCompagnon/Info.plist;
				INFOPLIST_KEY_UIApplicationSupportsIndirectInputEvents = YES;
				INFOPLIST_KEY_UILaunchStoryboardName = LaunchScreen;
				INFOPLIST_KEY_UIMainStoryboardFile = Main;
				INFOPLIST_KEY_UISupportedInterfaceOrientations_iPad = "UIInterfaceOrientationLandscapeLeft UIInterfaceOrientationLandscapeRight";
				INFOPLIST_KEY_UISupportedInterfaceOrientations_iPhone = "UIInterfaceOrientationPortrait UIInterfaceOrientationLandscapeLeft UIInterfaceOrientationLandscapeRight";
				LD_RUNPATH_SEARCH_PATHS = (
					"$(inherited)",
					"@executable_path/Frameworks",
				);
				MARKETING_VERSION = 1.0;
				PRODUCT_BUNDLE_IDENTIFIER = weLoveSwift.NBAFantazyCompagnon;
				PRODUCT_NAME = "$(TARGET_NAME)";
				SWIFT_EMIT_LOC_STRINGS = YES;
				SWIFT_VERSION = 5.0;
				TARGETED_DEVICE_FAMILY = 2;
			};
			name = Debug;
		};
		754B9AC82742B8B1003A669F /* Release */ = {
			isa = XCBuildConfiguration;
			buildSettings = {
				ASSETCATALOG_COMPILER_APPICON_NAME = AppIcon;
				ASSETCATALOG_COMPILER_GLOBAL_ACCENT_COLOR_NAME = AccentColor;
				CODE_SIGN_STYLE = Automatic;
				CURRENT_PROJECT_VERSION = 1;
				DEVELOPMENT_TEAM = JMX9BV4ZM4;
				GENERATE_INFOPLIST_FILE = YES;
				INFOPLIST_FILE = NBAFantazyCompagnon/Info.plist;
				INFOPLIST_KEY_UIApplicationSupportsIndirectInputEvents = YES;
				INFOPLIST_KEY_UILaunchStoryboardName = LaunchScreen;
				INFOPLIST_KEY_UIMainStoryboardFile = Main;
				INFOPLIST_KEY_UISupportedInterfaceOrientations_iPad = "UIInterfaceOrientationLandscapeLeft UIInterfaceOrientationLandscapeRight";
				INFOPLIST_KEY_UISupportedInterfaceOrientations_iPhone = "UIInterfaceOrientationPortrait UIInterfaceOrientationLandscapeLeft UIInterfaceOrientationLandscapeRight";
				LD_RUNPATH_SEARCH_PATHS = (
					"$(inherited)",
					"@executable_path/Frameworks",
				);
				MARKETING_VERSION = 1.0;
				PRODUCT_BUNDLE_IDENTIFIER = weLoveSwift.NBAFantazyCompagnon;
				PRODUCT_NAME = "$(TARGET_NAME)";
				SWIFT_EMIT_LOC_STRINGS = YES;
				SWIFT_VERSION = 5.0;
				TARGETED_DEVICE_FAMILY = 2;
			};
			name = Release;
		};
		754B9ACA2742B8B1003A669F /* Debug */ = {
			isa = XCBuildConfiguration;
			buildSettings = {
				ALWAYS_EMBED_SWIFT_STANDARD_LIBRARIES = YES;
				BUNDLE_LOADER = "$(TEST_HOST)";
				CODE_SIGN_STYLE = Automatic;
				CURRENT_PROJECT_VERSION = 1;
				DEVELOPMENT_TEAM = JMX9BV4ZM4;
				GENERATE_INFOPLIST_FILE = YES;
				IPHONEOS_DEPLOYMENT_TARGET = 15.0;
				LD_RUNPATH_SEARCH_PATHS = (
					"$(inherited)",
					"@executable_path/Frameworks",
					"@loader_path/Frameworks",
				);
				MARKETING_VERSION = 1.0;
				PRODUCT_BUNDLE_IDENTIFIER = weLoveSwift.NBAFantazyCompagnonTests;
				PRODUCT_NAME = "$(TARGET_NAME)";
				SWIFT_EMIT_LOC_STRINGS = NO;
				SWIFT_VERSION = 5.0;
				TARGETED_DEVICE_FAMILY = "1,2";
				TEST_HOST = "$(BUILT_PRODUCTS_DIR)/NBAFantazyCompagnon.app/NBAFantazyCompagnon";
			};
			name = Debug;
		};
		754B9ACB2742B8B1003A669F /* Release */ = {
			isa = XCBuildConfiguration;
			buildSettings = {
				ALWAYS_EMBED_SWIFT_STANDARD_LIBRARIES = YES;
				BUNDLE_LOADER = "$(TEST_HOST)";
				CODE_SIGN_STYLE = Automatic;
				CURRENT_PROJECT_VERSION = 1;
				DEVELOPMENT_TEAM = JMX9BV4ZM4;
				GENERATE_INFOPLIST_FILE = YES;
				IPHONEOS_DEPLOYMENT_TARGET = 15.0;
				LD_RUNPATH_SEARCH_PATHS = (
					"$(inherited)",
					"@executable_path/Frameworks",
					"@loader_path/Frameworks",
				);
				MARKETING_VERSION = 1.0;
				PRODUCT_BUNDLE_IDENTIFIER = weLoveSwift.NBAFantazyCompagnonTests;
				PRODUCT_NAME = "$(TARGET_NAME)";
				SWIFT_EMIT_LOC_STRINGS = NO;
				SWIFT_VERSION = 5.0;
				TARGETED_DEVICE_FAMILY = "1,2";
				TEST_HOST = "$(BUILT_PRODUCTS_DIR)/NBAFantazyCompagnon.app/NBAFantazyCompagnon";
			};
			name = Release;
		};
		754B9ACD2742B8B1003A669F /* Debug */ = {
			isa = XCBuildConfiguration;
			buildSettings = {
				ALWAYS_EMBED_SWIFT_STANDARD_LIBRARIES = YES;
				CODE_SIGN_STYLE = Automatic;
				CURRENT_PROJECT_VERSION = 1;
				DEVELOPMENT_TEAM = JMX9BV4ZM4;
				GENERATE_INFOPLIST_FILE = YES;
				LD_RUNPATH_SEARCH_PATHS = (
					"$(inherited)",
					"@executable_path/Frameworks",
					"@loader_path/Frameworks",
				);
				MARKETING_VERSION = 1.0;
				PRODUCT_BUNDLE_IDENTIFIER = weLoveSwift.NBAFantazyCompagnonUITests;
				PRODUCT_NAME = "$(TARGET_NAME)";
				SWIFT_EMIT_LOC_STRINGS = NO;
				SWIFT_VERSION = 5.0;
				TARGETED_DEVICE_FAMILY = "1,2";
				TEST_TARGET_NAME = NBAFantazyCompagnon;
			};
			name = Debug;
		};
		754B9ACE2742B8B1003A669F /* Release */ = {
			isa = XCBuildConfiguration;
			buildSettings = {
				ALWAYS_EMBED_SWIFT_STANDARD_LIBRARIES = YES;
				CODE_SIGN_STYLE = Automatic;
				CURRENT_PROJECT_VERSION = 1;
				DEVELOPMENT_TEAM = JMX9BV4ZM4;
				GENERATE_INFOPLIST_FILE = YES;
				LD_RUNPATH_SEARCH_PATHS = (
					"$(inherited)",
					"@executable_path/Frameworks",
					"@loader_path/Frameworks",
				);
				MARKETING_VERSION = 1.0;
				PRODUCT_BUNDLE_IDENTIFIER = weLoveSwift.NBAFantazyCompagnonUITests;
				PRODUCT_NAME = "$(TARGET_NAME)";
				SWIFT_EMIT_LOC_STRINGS = NO;
				SWIFT_VERSION = 5.0;
				TARGETED_DEVICE_FAMILY = "1,2";
				TEST_TARGET_NAME = NBAFantazyCompagnon;
			};
			name = Release;
		};
/* End XCBuildConfiguration section */

/* Begin XCConfigurationList section */
		754B9A972742B8AF003A669F /* Build configuration list for PBXProject "NBAFantazyCompagnon" */ = {
			isa = XCConfigurationList;
			buildConfigurations = (
				754B9AC42742B8B1003A669F /* Debug */,
				754B9AC52742B8B1003A669F /* Release */,
			);
			defaultConfigurationIsVisible = 0;
			defaultConfigurationName = Release;
		};
		754B9AC62742B8B1003A669F /* Build configuration list for PBXNativeTarget "NBAFantazyCompagnon" */ = {
			isa = XCConfigurationList;
			buildConfigurations = (
				754B9AC72742B8B1003A669F /* Debug */,
				754B9AC82742B8B1003A669F /* Release */,
			);
			defaultConfigurationIsVisible = 0;
			defaultConfigurationName = Release;
		};
		754B9AC92742B8B1003A669F /* Build configuration list for PBXNativeTarget "NBAFantazyCompagnonTests" */ = {
			isa = XCConfigurationList;
			buildConfigurations = (
				754B9ACA2742B8B1003A669F /* Debug */,
				754B9ACB2742B8B1003A669F /* Release */,
			);
			defaultConfigurationIsVisible = 0;
			defaultConfigurationName = Release;
		};
		754B9ACC2742B8B1003A669F /* Build configuration list for PBXNativeTarget "NBAFantazyCompagnonUITests" */ = {
			isa = XCConfigurationList;
			buildConfigurations = (
				754B9ACD2742B8B1003A669F /* Debug */,
				754B9ACE2742B8B1003A669F /* Release */,
			);
			defaultConfigurationIsVisible = 0;
			defaultConfigurationName = Release;
		};
/* End XCConfigurationList section */
	};
	rootObject = 754B9A942742B8AF003A669F /* Project object */;
}
